github.com/BurntSushi/xgb v0.0.0-20200324125942-20f126ea2843 h1:3iF31c7rp7nGZVDv7YQ+VxOgpipVfPKotLXykjZmwM8=
github.com/BurntSushi/xgb v0.0.0-20200324125942-20f126ea2843/go.mod h1:IVnqGOEym/WlBOVXweHU+Q+/VP0lqqI8lqeDx9IjBqo=
github.com/godbus/dbus v4.1.0+incompatible h1:WqqLRTsQic3apZUK9qC5sGNfXthmPXzUZ7nQPrNITa4=
github.com/godbus/dbus v4.1.0+incompatible/go.mod h1:/YcGZj5zSblfDWMMoOzV4fas9FZnQYTkDnsGvmh2Grw=
github.com/sqp/pulseaudio v0.0.0-20180916175200-29ac6bfa231c h1:GtYMHdPBniUh0I+RZ563TsL6ZlvCbaO7jbEOsDDB7EI=
github.com/sqp/pulseaudio v0.0.0-20180916175200-29ac6bfa231c/go.mod h1:RH1uOz6XaP849IvlvocEoBsW/SMmxRTzEd7olkyO2zI=
